// !$*UTF8*$!
{
	archiveVersion = 1;
	classes = {
	};
	objectVersion = 56;
	objects = {

/* Begin PBXBuildFile section */
		7006ABD62B503AE6009AC758 /* AppDelegate.swift in Sources */ = {isa = PBXBuildFile; fileRef = 7006ABD52B503AE6009AC758 /* AppDelegate.swift */; };
		7006ABD82B503AE6009AC758 /* SceneDelegate.swift in Sources */ = {isa = PBXBuildFile; fileRef = 7006ABD72B503AE6009AC758 /* SceneDelegate.swift */; };
		7006ABDF2B503AE8009AC758 /* Assets.xcassets in Resources */ = {isa = PBXBuildFile; fileRef = 7006ABDE2B503AE8009AC758 /* Assets.xcassets */; };
		7006ABE22B503AE8009AC758 /* LaunchScreen.storyboard in Resources */ = {isa = PBXBuildFile; fileRef = 7006ABE02B503AE8009AC758 /* LaunchScreen.storyboard */; };
		7059A4A42B655C8C0000EB57 /* LoadingButton.swift in Sources */ = {isa = PBXBuildFile; fileRef = 7059A4A32B655C8C0000EB57 /* LoadingButton.swift */; };
		7099205C2B51D30500BB23AA /* SignInViewController.swift in Sources */ = {isa = PBXBuildFile; fileRef = 7099205B2B51D30500BB23AA /* SignInViewController.swift */; };
		70DF632B2B5FF7EB00E2F254 /* SignInViewModel.swift in Sources */ = {isa = PBXBuildFile; fileRef = 70DF632A2B5FF7EB00E2F254 /* SignInViewModel.swift */; };
		70DF632D2B5FF80000E2F254 /* SignInState.swift in Sources */ = {isa = PBXBuildFile; fileRef = 70DF632C2B5FF80000E2F254 /* SignInState.swift */; };
		70DF63322B5FFE7300E2F254 /* SignUpViewController.swift in Sources */ = {isa = PBXBuildFile; fileRef = 70DF63312B5FFE7300E2F254 /* SignUpViewController.swift */; };
		70DF63342B6002AC00E2F254 /* SignInCoordinator.swift in Sources */ = {isa = PBXBuildFile; fileRef = 70DF63332B6002AC00E2F254 /* SignInCoordinator.swift */; };
		70DF63362B6007E300E2F254 /* SignUpCoordinator.swift in Sources */ = {isa = PBXBuildFile; fileRef = 70DF63352B6007E300E2F254 /* SignUpCoordinator.swift */; };
		70DF63382B60308800E2F254 /* SignUpViewModel.swift in Sources */ = {isa = PBXBuildFile; fileRef = 70DF63372B60308800E2F254 /* SignUpViewModel.swift */; };
		70DF633A2B613A2700E2F254 /* SignUpState.swift in Sources */ = {isa = PBXBuildFile; fileRef = 70DF63392B613A2700E2F254 /* SignUpState.swift */; };
		70DF633D2B64293100E2F254 /* HomeCoordinator.swift in Sources */ = {isa = PBXBuildFile; fileRef = 70DF633C2B64293100E2F254 /* HomeCoordinator.swift */; };
		70DF63422B64298500E2F254 /* HomeViewController.swift in Sources */ = {isa = PBXBuildFile; fileRef = 70DF63412B64298500E2F254 /* HomeViewController.swift */; };
		70DF63442B64298E00E2F254 /* HomeViewModel.swift in Sources */ = {isa = PBXBuildFile; fileRef = 70DF63432B64298E00E2F254 /* HomeViewModel.swift */; };
/* End PBXBuildFile section */

/* Begin PBXFileReference section */
		7006ABD22B503AE6009AC758 /* KingBurguer.app */ = {isa = PBXFileReference; explicitFileType = wrapper.application; includeInIndex = 0; path = KingBurguer.app; sourceTree = BUILT_PRODUCTS_DIR; };
		7006ABD52B503AE6009AC758 /* AppDelegate.swift */ = {isa = PBXFileReference; lastKnownFileType = sourcecode.swift; path = AppDelegate.swift; sourceTree = "<group>"; };
		7006ABD72B503AE6009AC758 /* SceneDelegate.swift */ = {isa = PBXFileReference; lastKnownFileType = sourcecode.swift; path = SceneDelegate.swift; sourceTree = "<group>"; };
		7006ABDE2B503AE8009AC758 /* Assets.xcassets */ = {isa = PBXFileReference; lastKnownFileType = folder.assetcatalog; path = Assets.xcassets; sourceTree = "<group>"; };
		7006ABE12B503AE8009AC758 /* Base */ = {isa = PBXFileReference; lastKnownFileType = file.storyboard; name = Base; path = Base.lproj/LaunchScreen.storyboard; sourceTree = "<group>"; };
		7006ABE32B503AE8009AC758 /* Info.plist */ = {isa = PBXFileReference; lastKnownFileType = text.plist.xml; path = Info.plist; sourceTree = "<group>"; };
		7059A4A32B655C8C0000EB57 /* LoadingButton.swift */ = {isa = PBXFileReference; lastKnownFileType = sourcecode.swift; path = LoadingButton.swift; sourceTree = "<group>"; };
		7099205B2B51D30500BB23AA /* SignInViewController.swift */ = {isa = PBXFileReference; lastKnownFileType = sourcecode.swift; path = SignInViewController.swift; sourceTree = "<group>"; };
		70DF632A2B5FF7EB00E2F254 /* SignInViewModel.swift */ = {isa = PBXFileReference; lastKnownFileType = sourcecode.swift; path = SignInViewModel.swift; sourceTree = "<group>"; };
		70DF632C2B5FF80000E2F254 /* SignInState.swift */ = {isa = PBXFileReference; lastKnownFileType = sourcecode.swift; path = SignInState.swift; sourceTree = "<group>"; };
		70DF63312B5FFE7300E2F254 /* SignUpViewController.swift */ = {isa = PBXFileReference; lastKnownFileType = sourcecode.swift; path = SignUpViewController.swift; sourceTree = "<group>"; };
		70DF63332B6002AC00E2F254 /* SignInCoordinator.swift */ = {isa = PBXFileReference; lastKnownFileType = sourcecode.swift; path = SignInCoordinator.swift; sourceTree = "<group>"; };
		70DF63352B6007E300E2F254 /* SignUpCoordinator.swift */ = {isa = PBXFileReference; lastKnownFileType = sourcecode.swift; path = SignUpCoordinator.swift; sourceTree = "<group>"; };
		70DF63372B60308800E2F254 /* SignUpViewModel.swift */ = {isa = PBXFileReference; lastKnownFileType = sourcecode.swift; path = SignUpViewModel.swift; sourceTree = "<group>"; };
		70DF63392B613A2700E2F254 /* SignUpState.swift */ = {isa = PBXFileReference; lastKnownFileType = sourcecode.swift; path = SignUpState.swift; sourceTree = "<group>"; };
		70DF633C2B64293100E2F254 /* HomeCoordinator.swift */ = {isa = PBXFileReference; lastKnownFileType = sourcecode.swift; path = HomeCoordinator.swift; sourceTree = "<group>"; };
		70DF63412B64298500E2F254 /* HomeViewController.swift */ = {isa = PBXFileReference; lastKnownFileType = sourcecode.swift; path = HomeViewController.swift; sourceTree = "<group>"; };
		70DF63432B64298E00E2F254 /* HomeViewModel.swift */ = {isa = PBXFileReference; lastKnownFileType = sourcecode.swift; path = HomeViewModel.swift; sourceTree = "<group>"; };
/* End PBXFileReference section */

/* Begin PBXFrameworksBuildPhase section */
		7006ABCF2B503AE6009AC758 /* Frameworks */ = {
			isa = PBXFrameworksBuildPhase;
			buildActionMask = 2147483647;
			files = (
			);
			runOnlyForDeploymentPostprocessing = 0;
		};
/* End PBXFrameworksBuildPhase section */

/* Begin PBXGroup section */
		7006ABC92B503AE5009AC758 = {
			isa = PBXGroup;
			children = (
				7006ABD42B503AE6009AC758 /* KingBurguer */,
				7006ABD32B503AE6009AC758 /* Products */,
			);
			sourceTree = "<group>";
		};
		7006ABD32B503AE6009AC758 /* Products */ = {
			isa = PBXGroup;
			children = (
				7006ABD22B503AE6009AC758 /* KingBurguer.app */,
			);
			name = Products;
			sourceTree = "<group>";
		};
		7006ABD42B503AE6009AC758 /* KingBurguer */ = {
			isa = PBXGroup;
			children = (
				7059A4A12B655C680000EB57 /* Common */,
				70DF633B2B64292300E2F254 /* Home */,
				70DF632E2B5FFE4800E2F254 /* SignUp */,
				709920592B51D1FB00BB23AA /* SignIn */,
				7006ABD52B503AE6009AC758 /* AppDelegate.swift */,
				7006ABD72B503AE6009AC758 /* SceneDelegate.swift */,
				7006ABDE2B503AE8009AC758 /* Assets.xcassets */,
				7006ABE02B503AE8009AC758 /* LaunchScreen.storyboard */,
				7006ABE32B503AE8009AC758 /* Info.plist */,
			);
			path = KingBurguer;
			sourceTree = "<group>";
		};
		7059A4A12B655C680000EB57 /* Common */ = {
			isa = PBXGroup;
			children = (
				7059A4A22B655C7E0000EB57 /* View */,
			);
			path = Common;
			sourceTree = "<group>";
		};
		7059A4A22B655C7E0000EB57 /* View */ = {
			isa = PBXGroup;
			children = (
				7059A4A32B655C8C0000EB57 /* LoadingButton.swift */,
			);
			path = View;
			sourceTree = "<group>";
		};
		709920592B51D1FB00BB23AA /* SignIn */ = {
			isa = PBXGroup;
			children = (
				70DF63292B5FF7D200E2F254 /* ViewModel */,
				7099205A2B51D20600BB23AA /* View */,
				70DF63332B6002AC00E2F254 /* SignInCoordinator.swift */,
			);
			path = SignIn;
			sourceTree = "<group>";
		};
		7099205A2B51D20600BB23AA /* View */ = {
			isa = PBXGroup;
			children = (
				7099205B2B51D30500BB23AA /* SignInViewController.swift */,
			);
			path = View;
			sourceTree = "<group>";
		};
		70DF63292B5FF7D200E2F254 /* ViewModel */ = {
			isa = PBXGroup;
			children = (
				70DF632A2B5FF7EB00E2F254 /* SignInViewModel.swift */,
				70DF632C2B5FF80000E2F254 /* SignInState.swift */,
			);
			path = ViewModel;
			sourceTree = "<group>";
		};
		70DF632E2B5FFE4800E2F254 /* SignUp */ = {
			isa = PBXGroup;
			children = (
				70DF63302B5FFE6600E2F254 /* ViewModel */,
				70DF632F2B5FFE5D00E2F254 /* View */,
				70DF63352B6007E300E2F254 /* SignUpCoordinator.swift */,
			);
			path = SignUp;
			sourceTree = "<group>";
		};
		70DF632F2B5FFE5D00E2F254 /* View */ = {
			isa = PBXGroup;
			children = (
				70DF63312B5FFE7300E2F254 /* SignUpViewController.swift */,
			);
			path = View;
			sourceTree = "<group>";
		};
		70DF63302B5FFE6600E2F254 /* ViewModel */ = {
			isa = PBXGroup;
			children = (
				70DF63372B60308800E2F254 /* SignUpViewModel.swift */,
				70DF63392B613A2700E2F254 /* SignUpState.swift */,
			);
			path = ViewModel;
			sourceTree = "<group>";
		};
		70DF633B2B64292300E2F254 /* Home */ = {
			isa = PBXGroup;
			children = (
				70DF63402B64295900E2F254 /* ViewModel */,
				70DF633F2B64295300E2F254 /* View */,
				70DF633C2B64293100E2F254 /* HomeCoordinator.swift */,
			);
			path = Home;
			sourceTree = "<group>";
		};
		70DF633F2B64295300E2F254 /* View */ = {
			isa = PBXGroup;
			children = (
				70DF63412B64298500E2F254 /* HomeViewController.swift */,
			);
			path = View;
			sourceTree = "<group>";
		};
		70DF63402B64295900E2F254 /* ViewModel */ = {
			isa = PBXGroup;
			children = (
				70DF63432B64298E00E2F254 /* HomeViewModel.swift */,
			);
			path = ViewModel;
			sourceTree = "<group>";
		};
/* End PBXGroup section */

/* Begin PBXNativeTarget section */
		7006ABD12B503AE6009AC758 /* KingBurguer */ = {
			isa = PBXNativeTarget;
			buildConfigurationList = 7006ABE62B503AE8009AC758 /* Build configuration list for PBXNativeTarget "KingBurguer" */;
			buildPhases = (
				7006ABCE2B503AE6009AC758 /* Sources */,
				7006ABCF2B503AE6009AC758 /* Frameworks */,
				7006ABD02B503AE6009AC758 /* Resources */,
			);
			buildRules = (
			);
			dependencies = (
			);
			name = KingBurguer;
			productName = KingBurguer;
			productReference = 7006ABD22B503AE6009AC758 /* KingBurguer.app */;
			productType = "com.apple.product-type.application";
		};
/* End PBXNativeTarget section */

/* Begin PBXProject section */
		7006ABCA2B503AE5009AC758 /* Project object */ = {
			isa = PBXProject;
			attributes = {
				BuildIndependentTargetsInParallel = 1;
				LastSwiftUpdateCheck = 1510;
				LastUpgradeCheck = 1510;
				TargetAttributes = {
					7006ABD12B503AE6009AC758 = {
						CreatedOnToolsVersion = 15.1;
					};
				};
			};
			buildConfigurationList = 7006ABCD2B503AE5009AC758 /* Build configuration list for PBXProject "KingBurguer" */;
			compatibilityVersion = "Xcode 14.0";
			developmentRegion = en;
			hasScannedForEncodings = 0;
			knownRegions = (
				en,
				Base,
			);
			mainGroup = 7006ABC92B503AE5009AC758;
			productRefGroup = 7006ABD32B503AE6009AC758 /* Products */;
			projectDirPath = "";
			projectRoot = "";
			targets = (
				7006ABD12B503AE6009AC758 /* KingBurguer */,
			);
		};
/* End PBXProject section */

/* Begin PBXResourcesBuildPhase section */
		7006ABD02B503AE6009AC758 /* Resources */ = {
			isa = PBXResourcesBuildPhase;
			buildActionMask = 2147483647;
			files = (
				7006ABE22B503AE8009AC758 /* LaunchScreen.storyboard in Resources */,
				7006ABDF2B503AE8009AC758 /* Assets.xcassets in Resources */,
			);
			runOnlyForDeploymentPostprocessing = 0;
		};
/* End PBXResourcesBuildPhase section */

/* Begin PBXSourcesBuildPhase section */
		7006ABCE2B503AE6009AC758 /* Sources */ = {
			isa = PBXSourcesBuildPhase;
			buildActionMask = 2147483647;
			files = (
				70DF632B2B5FF7EB00E2F254 /* SignInViewModel.swift in Sources */,
				7099205C2B51D30500BB23AA /* SignInViewController.swift in Sources */,
				7006ABD62B503AE6009AC758 /* AppDelegate.swift in Sources */,
				7006ABD82B503AE6009AC758 /* SceneDelegate.swift in Sources */,
				70DF63382B60308800E2F254 /* SignUpViewModel.swift in Sources */,
				70DF63362B6007E300E2F254 /* SignUpCoordinator.swift in Sources */,
				70DF63342B6002AC00E2F254 /* SignInCoordinator.swift in Sources */,
				70DF633A2B613A2700E2F254 /* SignUpState.swift in Sources */,
				7059A4A42B655C8C0000EB57 /* LoadingButton.swift in Sources */,
				70DF63442B64298E00E2F254 /* HomeViewModel.swift in Sources */,
				70DF63322B5FFE7300E2F254 /* SignUpViewController.swift in Sources */,
				70DF632D2B5FF80000E2F254 /* SignInState.swift in Sources */,
				70DF633D2B64293100E2F254 /* HomeCoordinator.swift in Sources */,
				70DF63422B64298500E2F254 /* HomeViewController.swift in Sources */,
			);
			runOnlyForDeploymentPostprocessing = 0;
		};
/* End PBXSourcesBuildPhase section */

/* Begin PBXVariantGroup section */
		7006ABE02B503AE8009AC758 /* LaunchScreen.storyboard */ = {
			isa = PBXVariantGroup;
			children = (
				7006ABE12B503AE8009AC758 /* Base */,
			);
			name = LaunchScreen.storyboard;
			sourceTree = "<group>";
		};
/* End PBXVariantGroup section */

/* Begin XCBuildConfiguration section */
		7006ABE42B503AE8009AC758 /* Debug */ = {
			isa = XCBuildConfiguration;
			buildSettings = {
				ALWAYS_SEARCH_USER_PATHS = NO;
				ASSETCATALOG_COMPILER_GENERATE_SWIFT_ASSET_SYMBOL_EXTENSIONS = YES;
				CLANG_ANALYZER_NONNULL = YES;
				CLANG_ANALYZER_NUMBER_OBJECT_CONVERSION = YES_AGGRESSIVE;
				CLANG_CXX_LANGUAGE_STANDARD = "gnu++20";
				CLANG_ENABLE_MODULES = YES;
				CLANG_ENABLE_OBJC_ARC = YES;
				CLANG_ENABLE_OBJC_WEAK = YES;
				CLANG_WARN_BLOCK_CAPTURE_AUTORELEASING = YES;
				CLANG_WARN_BOOL_CONVERSION = YES;
				CLANG_WARN_COMMA = YES;
				CLANG_WARN_CONSTANT_CONVERSION = YES;
				CLANG_WARN_DEPRECATED_OBJC_IMPLEMENTATIONS = YES;
				CLANG_WARN_DIRECT_OBJC_ISA_USAGE = YES_ERROR;
				CLANG_WARN_DOCUMENTATION_COMMENTS = YES;
				CLANG_WARN_EMPTY_BODY = YES;
				CLANG_WARN_ENUM_CONVERSION = YES;
				CLANG_WARN_INFINITE_RECURSION = YES;
				CLANG_WARN_INT_CONVERSION = YES;
				CLANG_WARN_NON_LITERAL_NULL_CONVERSION = YES;
				CLANG_WARN_OBJC_IMPLICIT_RETAIN_SELF = YES;
				CLANG_WARN_OBJC_LITERAL_CONVERSION = YES;
				CLANG_WARN_OBJC_ROOT_CLASS = YES_ERROR;
				CLANG_WARN_QUOTED_INCLUDE_IN_FRAMEWORK_HEADER = YES;
				CLANG_WARN_RANGE_LOOP_ANALYSIS = YES;
				CLANG_WARN_STRICT_PROTOTYPES = YES;
				CLANG_WARN_SUSPICIOUS_MOVE = YES;
				CLANG_WARN_UNGUARDED_AVAILABILITY = YES_AGGRESSIVE;
				CLANG_WARN_UNREACHABLE_CODE = YES;
				CLANG_WARN__DUPLICATE_METHOD_MATCH = YES;
				COPY_PHASE_STRIP = NO;
				DEBUG_INFORMATION_FORMAT = dwarf;
				ENABLE_STRICT_OBJC_MSGSEND = YES;
				ENABLE_TESTABILITY = YES;
				ENABLE_USER_SCRIPT_SANDBOXING = YES;
				GCC_C_LANGUAGE_STANDARD = gnu17;
				GCC_DYNAMIC_NO_PIC = NO;
				GCC_NO_COMMON_BLOCKS = YES;
				GCC_OPTIMIZATION_LEVEL = 0;
				GCC_PREPROCESSOR_DEFINITIONS = (
					"DEBUG=1",
					"$(inherited)",
				);
				GCC_WARN_64_TO_32_BIT_CONVERSION = YES;
				GCC_WARN_ABOUT_RETURN_TYPE = YES_ERROR;
				GCC_WARN_UNDECLARED_SELECTOR = YES;
				GCC_WARN_UNINITIALIZED_AUTOS = YES_AGGRESSIVE;
				GCC_WARN_UNUSED_FUNCTION = YES;
				GCC_WARN_UNUSED_VARIABLE = YES;
				IPHONEOS_DEPLOYMENT_TARGET = 17.2;
				LOCALIZATION_PREFERS_STRING_CATALOGS = YES;
				MTL_ENABLE_DEBUG_INFO = INCLUDE_SOURCE;
				MTL_FAST_MATH = YES;
				ONLY_ACTIVE_ARCH = YES;
				SDKROOT = iphoneos;
				SWIFT_ACTIVE_COMPILATION_CONDITIONS = "DEBUG $(inherited)";
				SWIFT_OPTIMIZATION_LEVEL = "-Onone";
			};
			name = Debug;
		};
		7006ABE52B503AE8009AC758 /* Release */ = {
			isa = XCBuildConfiguration;
			buildSettings = {
				ALWAYS_SEARCH_USER_PATHS = NO;
				ASSETCATALOG_COMPILER_GENERATE_SWIFT_ASSET_SYMBOL_EXTENSIONS = YES;
				CLANG_ANALYZER_NONNULL = YES;
				CLANG_ANALYZER_NUMBER_OBJECT_CONVERSION = YES_AGGRESSIVE;
				CLANG_CXX_LANGUAGE_STANDARD = "gnu++20";
				CLANG_ENABLE_MODULES = YES;
				CLANG_ENABLE_OBJC_ARC = YES;
				CLANG_ENABLE_OBJC_WEAK = YES;
				CLANG_WARN_BLOCK_CAPTURE_AUTORELEASING = YES;
				CLANG_WARN_BOOL_CONVERSION = YES;
				CLANG_WARN_COMMA = YES;
				CLANG_WARN_CONSTANT_CONVERSION = YES;
				CLANG_WARN_DEPRECATED_OBJC_IMPLEMENTATIONS = YES;
				CLANG_WARN_DIRECT_OBJC_ISA_USAGE = YES_ERROR;
				CLANG_WARN_DOCUMENTATION_COMMENTS = YES;
				CLANG_WARN_EMPTY_BODY = YES;
				CLANG_WARN_ENUM_CONVERSION = YES;
				CLANG_WARN_INFINITE_RECURSION = YES;
				CLANG_WARN_INT_CONVERSION = YES;
				CLANG_WARN_NON_LITERAL_NULL_CONVERSION = YES;
				CLANG_WARN_OBJC_IMPLICIT_RETAIN_SELF = YES;
				CLANG_WARN_OBJC_LITERAL_CONVERSION = YES;
				CLANG_WARN_OBJC_ROOT_CLASS = YES_ERROR;
				CLANG_WARN_QUOTED_INCLUDE_IN_FRAMEWORK_HEADER = YES;
				CLANG_WARN_RANGE_LOOP_ANALYSIS = YES;
				CLANG_WARN_STRICT_PROTOTYPES = YES;
				CLANG_WARN_SUSPICIOUS_MOVE = YES;
				CLANG_WARN_UNGUARDED_AVAILABILITY = YES_AGGRESSIVE;
				CLANG_WARN_UNREACHABLE_CODE = YES;
				CLANG_WARN__DUPLICATE_METHOD_MATCH = YES;
				COPY_PHASE_STRIP = NO;
				DEBUG_INFORMATION_FORMAT = "dwarf-with-dsym";
				ENABLE_NS_ASSERTIONS = NO;
				ENABLE_STRICT_OBJC_MSGSEND = YES;
				ENABLE_USER_SCRIPT_SANDBOXING = YES;
				GCC_C_LANGUAGE_STANDARD = gnu17;
				GCC_NO_COMMON_BLOCKS = YES;
				GCC_WARN_64_TO_32_BIT_CONVERSION = YES;
				GCC_WARN_ABOUT_RETURN_TYPE = YES_ERROR;
				GCC_WARN_UNDECLARED_SELECTOR = YES;
				GCC_WARN_UNINITIALIZED_AUTOS = YES_AGGRESSIVE;
				GCC_WARN_UNUSED_FUNCTION = YES;
				GCC_WARN_UNUSED_VARIABLE = YES;
				IPHONEOS_DEPLOYMENT_TARGET = 17.2;
				LOCALIZATION_PREFERS_STRING_CATALOGS = YES;
				MTL_ENABLE_DEBUG_INFO = NO;
				MTL_FAST_MATH = YES;
				SDKROOT = iphoneos;
				SWIFT_COMPILATION_MODE = wholemodule;
				VALIDATE_PRODUCT = YES;
			};
			name = Release;
		};
		7006ABE72B503AE8009AC758 /* Debug */ = {
			isa = XCBuildConfiguration;
			buildSettings = {
				ASSETCATALOG_COMPILER_APPICON_NAME = AppIcon;
				ASSETCATALOG_COMPILER_GLOBAL_ACCENT_COLOR_NAME = AccentColor;
				CODE_SIGN_STYLE = Automatic;
				CURRENT_PROJECT_VERSION = 1;
				DEVELOPMENT_TEAM = 6V2Y925Q4D;
				GENERATE_INFOPLIST_FILE = YES;
				INFOPLIST_FILE = KingBurguer/Info.plist;
				INFOPLIST_KEY_UIApplicationSupportsIndirectInputEvents = YES;
				INFOPLIST_KEY_UILaunchStoryboardName = LaunchScreen;
				INFOPLIST_KEY_UISupportedInterfaceOrientations_iPad = "UIInterfaceOrientationPortrait UIInterfaceOrientationPortraitUpsideDown UIInterfaceOrientationLandscapeLeft UIInterfaceOrientationLandscapeRight";
				INFOPLIST_KEY_UISupportedInterfaceOrientations_iPhone = "UIInterfaceOrientationPortrait UIInterfaceOrientationLandscapeLeft UIInterfaceOrientationLandscapeRight";
				LD_RUNPATH_SEARCH_PATHS = (
					"$(inherited)",
					"@executable_path/Frameworks",
				);
				MARKETING_VERSION = 1.0;
				PRODUCT_BUNDLE_IDENTIFIER = co.anajulia.KingBurguer;
				PRODUCT_NAME = "$(TARGET_NAME)";
				SWIFT_EMIT_LOC_STRINGS = YES;
				SWIFT_VERSION = 5.0;
				TARGETED_DEVICE_FAMILY = "1,2";
			};
			name = Debug;
		};
		7006ABE82B503AE8009AC758 /* Release */ = {
			isa = XCBuildConfiguration;
			buildSettings = {
				ASSETCATALOG_COMPILER_APPICON_NAME = AppIcon;
				ASSETCATALOG_COMPILER_GLOBAL_ACCENT_COLOR_NAME = AccentColor;
				CODE_SIGN_STYLE = Automatic;
				CURRENT_PROJECT_VERSION = 1;
				DEVELOPMENT_TEAM = 6V2Y925Q4D;
				GENERATE_INFOPLIST_FILE = YES;
				INFOPLIST_FILE = KingBurguer/Info.plist;
				INFOPLIST_KEY_UIApplicationSupportsIndirectInputEvents = YES;
				INFOPLIST_KEY_UILaunchStoryboardName = LaunchScreen;
				INFOPLIST_KEY_UISupportedInterfaceOrientations_iPad = "UIInterfaceOrientationPortrait UIInterfaceOrientationPortraitUpsideDown UIInterfaceOrientationLandscapeLeft UIInterfaceOrientationLandscapeRight";
				INFOPLIST_KEY_UISupportedInterfaceOrientations_iPhone = "UIInterfaceOrientationPortrait UIInterfaceOrientationLandscapeLeft UIInterfaceOrientationLandscapeRight";
				LD_RUNPATH_SEARCH_PATHS = (
					"$(inherited)",
					"@executable_path/Frameworks",
				);
				MARKETING_VERSION = 1.0;
				PRODUCT_BUNDLE_IDENTIFIER = co.anajulia.KingBurguer;
				PRODUCT_NAME = "$(TARGET_NAME)";
				SWIFT_EMIT_LOC_STRINGS = YES;
				SWIFT_VERSION = 5.0;
				TARGETED_DEVICE_FAMILY = "1,2";
			};
			name = Release;
		};
/* End XCBuildConfiguration section */

/* Begin XCConfigurationList section */
		7006ABCD2B503AE5009AC758 /* Build configuration list for PBXProject "KingBurguer" */ = {
			isa = XCConfigurationList;
			buildConfigurations = (
				7006ABE42B503AE8009AC758 /* Debug */,
				7006ABE52B503AE8009AC758 /* Release */,
			);
			defaultConfigurationIsVisible = 0;
			defaultConfigurationName = Release;
		};
		7006ABE62B503AE8009AC758 /* Build configuration list for PBXNativeTarget "KingBurguer" */ = {
			isa = XCConfigurationList;
			buildConfigurations = (
				7006ABE72B503AE8009AC758 /* Debug */,
				7006ABE82B503AE8009AC758 /* Release */,
			);
			defaultConfigurationIsVisible = 0;
			defaultConfigurationName = Release;
		};
/* End XCConfigurationList section */
	};
	rootObject = 7006ABCA2B503AE5009AC758 /* Project object */;
}
